{
  "name": "flowerbed",
  "version": "1.0.0",
  "lockfileVersion": 3,
  "requires": true,
  "packages": {
    "": {
      "name": "flowerbed",
      "version": "1.0.0",
      "license": "ISC",
      "dependencies": {
        "ini": "^4.1.2"
      }
    },
    "node_modules/ini": {
      "version": "4.1.2",
      "resolved": "https://artifactory3-eu1.moneysupermarket.com:443/artifactory/api/npm/npm-repo/ini/-/ini-4.1.2.tgz",
      "integrity": "sha512-AMB1mvwR1pyBFY/nSevUX6y8nJWS63/SzUKD3JyQn97s4xgIdgQPT75IRouIiBAN4yLQBUShNYVW0+UG25daCw==",
      "engines": {
        "node": "^14.17.0 || ^16.13.0 || >=18.0.0"
      }
    }
  }
}
